
Microsoft Visual Studio Solution File, Format Version 12.00
# Visual Studio 15
VisualStudioVersion = 15.0.28307.168
MinimumVisualStudioVersion = 10.0.40219.1
Project("{9A19103F-16F7-4668-BE54-9A1E7A4F7556}") = "Register", "Register\Register.csproj", "{8E7C3EAF-9864-4D71-BE13-0C4ED3AA858E}"
EndProject
Project("{FAE04EC0-301F-11D3-BF4B-00C04F79EFBC}") = "TransactionDiscountTest", "TransactionDiscountTest\TransactionDiscountTest.csproj", "{5AF48FD6-D490-4B7A-929A-D9C7A97DBD42}"
EndProject
Global
	GlobalSection(SolutionConfigurationPlatforms) = preSolution
		Debug|Any CPU = Debug|Any CPU
		Release|Any CPU = Release|Any CPU
	EndGlobalSection
	GlobalSection(ProjectConfigurationPlatforms) = postSolution
		{8E7C3EAF-9864-4D71-BE13-0C4ED3AA858E}.Debug|Any CPU.ActiveCfg = Debug|Any CPU
		{8E7C3EAF-9864-4D71-BE13-0C4ED3AA858E}.Debug|Any CPU.Build.0 = Debug|Any CPU
		{8E7C3EAF-9864-4D71-BE13-0C4ED3AA858E}.Release|Any CPU.ActiveCfg = Release|Any CPU
		{8E7C3EAF-9864-4D71-BE13-0C4ED3AA858E}.Release|Any CPU.Build.0 = Release|Any CPU
		{5AF48FD6-D490-4B7A-929A-D9C7A97DBD42}.Debug|Any CPU.ActiveCfg = Debug|Any CPU
		{5AF48FD6-D490-4B7A-929A-D9C7A97DBD42}.Debug|Any CPU.Build.0 = Debug|Any CPU
		{5AF48FD6-D490-4B7A-929A-D9C7A97DBD42}.Release|Any CPU.ActiveCfg = Release|Any CPU
		{5AF48FD6-D490-4B7A-929A-D9C7A97DBD42}.Release|Any CPU.Build.0 = Release|Any CPU
	EndGlobalSection
	GlobalSection(SolutionProperties) = preSolution
		HideSolutionNode = FALSE
	EndGlobalSection
	GlobalSection(ExtensibilityGlobals) = postSolution
		SolutionGuid = {0BC203EC-9DD3-4649-A13F-51D38FB9F13C}
	EndGlobalSection
EndGlobal
